// !$*UTF8*$!
{
	archiveVersion = 1;
	classes = {
	};
	objectVersion = 56;
	objects = {

/* Begin PBXBuildFile section */
		325D8AE82BBC6E9000DB65B1 /* Cafe.swift in Sources */ = {isa = PBXBuildFile; fileRef = 325D8AE72BBC6E9000DB65B1 /* Cafe.swift */; };
		325D8AEB2BBC72EA00DB65B1 /* NewsItem.swift in Sources */ = {isa = PBXBuildFile; fileRef = 325D8AEA2BBC72EA00DB65B1 /* NewsItem.swift */; };
		325D8AEE2BBC751D00DB65B1 /* NewsModel.swift in Sources */ = {isa = PBXBuildFile; fileRef = 325D8AED2BBC751D00DB65B1 /* NewsModel.swift */; };
		325D8AF12BBC82E600DB65B1 /* ModelData.swift in Sources */ = {isa = PBXBuildFile; fileRef = 325D8AEF2BBC825B00DB65B1 /* ModelData.swift */; };
		325D8AF62BBCA79300DB65B1 /* NewsModel.swift in Resources */ = {isa = PBXBuildFile; fileRef = 325D8AED2BBC751D00DB65B1 /* NewsModel.swift */; };
		325D8AFA2BBCB77F00DB65B1 /* UserModel.swift in Sources */ = {isa = PBXBuildFile; fileRef = 325D8AF92BBCB77F00DB65B1 /* UserModel.swift */; };
		325D8B002BBD625E00DB65B1 /* NewsData.json in Resources */ = {isa = PBXBuildFile; fileRef = 325D8AFF2BBD625E00DB65B1 /* NewsData.json */; };
		325D8B012BBD625E00DB65B1 /* NewsData.json in Resources */ = {isa = PBXBuildFile; fileRef = 325D8AFF2BBD625E00DB65B1 /* NewsData.json */; };
		325D8B022BBD625E00DB65B1 /* NewsData.json in Resources */ = {isa = PBXBuildFile; fileRef = 325D8AFF2BBD625E00DB65B1 /* NewsData.json */; };
		325D8B042BBD62D100DB65B1 /* UserData.json in Resources */ = {isa = PBXBuildFile; fileRef = 325D8B032BBD62D100DB65B1 /* UserData.json */; };
		325D8B052BBD62D100DB65B1 /* UserData.json in Resources */ = {isa = PBXBuildFile; fileRef = 325D8B032BBD62D100DB65B1 /* UserData.json */; };
		325D8B062BBD62D100DB65B1 /* UserData.json in Resources */ = {isa = PBXBuildFile; fileRef = 325D8B032BBD62D100DB65B1 /* UserData.json */; };
		325D8B082BBD802700DB65B1 /* NewsRead.swift in Sources */ = {isa = PBXBuildFile; fileRef = 325D8B072BBD802700DB65B1 /* NewsRead.swift */; };
		325D8B0A2BBD98B700DB65B1 /* Card.swift in Sources */ = {isa = PBXBuildFile; fileRef = 325D8B092BBD98B700DB65B1 /* Card.swift */; };
		325D8B0C2BBD9FE000DB65B1 /* QRCode.swift in Sources */ = {isa = PBXBuildFile; fileRef = 325D8B0B2BBD9FE000DB65B1 /* QRCode.swift */; };
		326B9BB82BB890D100DD5B56 /* CafeApp.swift in Sources */ = {isa = PBXBuildFile; fileRef = 326B9BB72BB890D100DD5B56 /* CafeApp.swift */; };
		326B9BBA2BB890D100DD5B56 /* ContentView.swift in Sources */ = {isa = PBXBuildFile; fileRef = 326B9BB92BB890D100DD5B56 /* ContentView.swift */; };
		326B9BBC2BB890DB00DD5B56 /* Color in Resources */ = {isa = PBXBuildFile; fileRef = 326B9BBB2BB890DB00DD5B56 /* Color */; };
		326B9BBF2BB890DB00DD5B56 /* Preview Assets.xcassets in Resources */ = {isa = PBXBuildFile; fileRef = 326B9BBE2BB890DB00DD5B56 /* Preview Assets.xcassets */; };
		326B9BC12BB890DB00DD5B56 /* Persistence.swift in Sources */ = {isa = PBXBuildFile; fileRef = 326B9BC02BB890DB00DD5B56 /* Persistence.swift */; };
		326B9BC42BB890DB00DD5B56 /* Cafe.xcdatamodeld in Sources */ = {isa = PBXBuildFile; fileRef = 326B9BC22BB890DB00DD5B56 /* Cafe.xcdatamodeld */; };
		326B9BCE2BB890DC00DD5B56 /* CafeTests.swift in Sources */ = {isa = PBXBuildFile; fileRef = 326B9BCD2BB890DC00DD5B56 /* CafeTests.swift */; };
		326B9BD82BB890DC00DD5B56 /* CafeUITests.swift in Sources */ = {isa = PBXBuildFile; fileRef = 326B9BD72BB890DC00DD5B56 /* CafeUITests.swift */; };
		326B9BDA2BB890DC00DD5B56 /* CafeUITestsLaunchTests.swift in Sources */ = {isa = PBXBuildFile; fileRef = 326B9BD92BB890DC00DD5B56 /* CafeUITestsLaunchTests.swift */; };
/* End PBXBuildFile section */

/* Begin PBXContainerItemProxy section */
		326B9BCA2BB890DC00DD5B56 /* PBXContainerItemProxy */ = {
			isa = PBXContainerItemProxy;
			containerPortal = 326B9BAC2BB890D100DD5B56 /* Project object */;
			proxyType = 1;
			remoteGlobalIDString = 326B9BB32BB890D100DD5B56;
			remoteInfo = Cafe;
		};
		326B9BD42BB890DC00DD5B56 /* PBXContainerItemProxy */ = {
			isa = PBXContainerItemProxy;
			containerPortal = 326B9BAC2BB890D100DD5B56 /* Project object */;
			proxyType = 1;
			remoteGlobalIDString = 326B9BB32BB890D100DD5B56;
			remoteInfo = Cafe;
		};
/* End PBXContainerItemProxy section */

/* Begin PBXFileReference section */
		325D8AE72BBC6E9000DB65B1 /* Cafe.swift */ = {isa = PBXFileReference; lastKnownFileType = sourcecode.swift; path = Cafe.swift; sourceTree = "<group>"; };
		325D8AEA2BBC72EA00DB65B1 /* NewsItem.swift */ = {isa = PBXFileReference; lastKnownFileType = sourcecode.swift; path = NewsItem.swift; sourceTree = "<group>"; };
		325D8AED2BBC751D00DB65B1 /* NewsModel.swift */ = {isa = PBXFileReference; lastKnownFileType = sourcecode.swift; path = NewsModel.swift; sourceTree = "<group>"; };
		325D8AEF2BBC825B00DB65B1 /* ModelData.swift */ = {isa = PBXFileReference; lastKnownFileType = sourcecode.swift; path = ModelData.swift; sourceTree = "<group>"; };
		325D8AF92BBCB77F00DB65B1 /* UserModel.swift */ = {isa = PBXFileReference; lastKnownFileType = sourcecode.swift; path = UserModel.swift; sourceTree = "<group>"; };
		325D8AFF2BBD625E00DB65B1 /* NewsData.json */ = {isa = PBXFileReference; lastKnownFileType = text.json; path = NewsData.json; sourceTree = "<group>"; };
		325D8B032BBD62D100DB65B1 /* UserData.json */ = {isa = PBXFileReference; lastKnownFileType = text.json; path = UserData.json; sourceTree = "<group>"; };
		325D8B072BBD802700DB65B1 /* NewsRead.swift */ = {isa = PBXFileReference; lastKnownFileType = sourcecode.swift; path = NewsRead.swift; sourceTree = "<group>"; };
		325D8B092BBD98B700DB65B1 /* Card.swift */ = {isa = PBXFileReference; lastKnownFileType = sourcecode.swift; path = Card.swift; sourceTree = "<group>"; };
		325D8B0B2BBD9FE000DB65B1 /* QRCode.swift */ = {isa = PBXFileReference; lastKnownFileType = sourcecode.swift; path = QRCode.swift; sourceTree = "<group>"; };
		326B9BB42BB890D100DD5B56 /* Cafe.app */ = {isa = PBXFileReference; explicitFileType = wrapper.application; includeInIndex = 0; path = Cafe.app; sourceTree = BUILT_PRODUCTS_DIR; };
		326B9BB72BB890D100DD5B56 /* CafeApp.swift */ = {isa = PBXFileReference; lastKnownFileType = sourcecode.swift; path = CafeApp.swift; sourceTree = "<group>"; };
		326B9BB92BB890D100DD5B56 /* ContentView.swift */ = {isa = PBXFileReference; lastKnownFileType = sourcecode.swift; path = ContentView.swift; sourceTree = "<group>"; };
		326B9BBB2BB890DB00DD5B56 /* Color */ = {isa = PBXFileReference; lastKnownFileType = folder; path = Color; sourceTree = "<group>"; };
		326B9BBE2BB890DB00DD5B56 /* Preview Assets.xcassets */ = {isa = PBXFileReference; lastKnownFileType = folder.assetcatalog; path = "Preview Assets.xcassets"; sourceTree = "<group>"; };
		326B9BC02BB890DB00DD5B56 /* Persistence.swift */ = {isa = PBXFileReference; lastKnownFileType = sourcecode.swift; path = Persistence.swift; sourceTree = "<group>"; };
		326B9BC32BB890DB00DD5B56 /* Cafe.xcdatamodel */ = {isa = PBXFileReference; lastKnownFileType = wrapper.xcdatamodel; path = Cafe.xcdatamodel; sourceTree = "<group>"; };
		326B9BC92BB890DC00DD5B56 /* CafeTests.xctest */ = {isa = PBXFileReference; explicitFileType = wrapper.cfbundle; includeInIndex = 0; path = CafeTests.xctest; sourceTree = BUILT_PRODUCTS_DIR; };
		326B9BCD2BB890DC00DD5B56 /* CafeTests.swift */ = {isa = PBXFileReference; lastKnownFileType = sourcecode.swift; path = CafeTests.swift; sourceTree = "<group>"; };
		326B9BD32BB890DC00DD5B56 /* CafeUITests.xctest */ = {isa = PBXFileReference; explicitFileType = wrapper.cfbundle; includeInIndex = 0; path = CafeUITests.xctest; sourceTree = BUILT_PRODUCTS_DIR; };
		326B9BD72BB890DC00DD5B56 /* CafeUITests.swift */ = {isa = PBXFileReference; lastKnownFileType = sourcecode.swift; path = CafeUITests.swift; sourceTree = "<group>"; };
		326B9BD92BB890DC00DD5B56 /* CafeUITestsLaunchTests.swift */ = {isa = PBXFileReference; lastKnownFileType = sourcecode.swift; path = CafeUITestsLaunchTests.swift; sourceTree = "<group>"; };
/* End PBXFileReference section */

/* Begin PBXFrameworksBuildPhase section */
		326B9BB12BB890D100DD5B56 /* Frameworks */ = {
			isa = PBXFrameworksBuildPhase;
			buildActionMask = 2147483647;
			files = (
			);
			runOnlyForDeploymentPostprocessing = 0;
		};
		326B9BC62BB890DC00DD5B56 /* Frameworks */ = {
			isa = PBXFrameworksBuildPhase;
			buildActionMask = 2147483647;
			files = (
			);
			runOnlyForDeploymentPostprocessing = 0;
		};
		326B9BD02BB890DC00DD5B56 /* Frameworks */ = {
			isa = PBXFrameworksBuildPhase;
			buildActionMask = 2147483647;
			files = (
			);
			runOnlyForDeploymentPostprocessing = 0;
		};
/* End PBXFrameworksBuildPhase section */

/* Begin PBXGroup section */
		325D8AE92BBC70CB00DB65B1 /* ViewController */ = {
			isa = PBXGroup;
			children = (
				325D8AE72BBC6E9000DB65B1 /* Cafe.swift */,
				326B9BB92BB890D100DD5B56 /* ContentView.swift */,
				325D8AEA2BBC72EA00DB65B1 /* NewsItem.swift */,
				325D8B072BBD802700DB65B1 /* NewsRead.swift */,
				325D8B092BBD98B700DB65B1 /* Card.swift */,
				325D8B0B2BBD9FE000DB65B1 /* QRCode.swift */,
			);
			path = ViewController;
			sourceTree = "<group>";
		};
		325D8AEC2BBC74A900DB65B1 /* Resources */ = {
			isa = PBXGroup;
			children = (
				325D8AFF2BBD625E00DB65B1 /* NewsData.json */,
				325D8B032BBD62D100DB65B1 /* UserData.json */,
			);
			path = Resources;
			sourceTree = "<group>";
		};
		325D8AF02BBC82D500DB65B1 /* Model */ = {
			isa = PBXGroup;
			children = (
				325D8AEF2BBC825B00DB65B1 /* ModelData.swift */,
				325D8AED2BBC751D00DB65B1 /* NewsModel.swift */,
				325D8AF92BBCB77F00DB65B1 /* UserModel.swift */,
			);
			path = Model;
			sourceTree = "<group>";
		};
		326B9BAB2BB890D100DD5B56 = {
			isa = PBXGroup;
			children = (
				326B9BB62BB890D100DD5B56 /* Cafe */,
				326B9BCC2BB890DC00DD5B56 /* CafeTests */,
				326B9BD62BB890DC00DD5B56 /* CafeUITests */,
				326B9BB52BB890D100DD5B56 /* Products */,
			);
			sourceTree = "<group>";
		};
		326B9BB52BB890D100DD5B56 /* Products */ = {
			isa = PBXGroup;
			children = (
				326B9BB42BB890D100DD5B56 /* Cafe.app */,
				326B9BC92BB890DC00DD5B56 /* CafeTests.xctest */,
				326B9BD32BB890DC00DD5B56 /* CafeUITests.xctest */,
			);
			name = Products;
			sourceTree = "<group>";
		};
		326B9BB62BB890D100DD5B56 /* Cafe */ = {
			isa = PBXGroup;
			children = (
				325D8AF02BBC82D500DB65B1 /* Model */,
				325D8AEC2BBC74A900DB65B1 /* Resources */,
				325D8AE92BBC70CB00DB65B1 /* ViewController */,
				326B9BB72BB890D100DD5B56 /* CafeApp.swift */,
				326B9BBB2BB890DB00DD5B56 /* Color */,
				326B9BC02BB890DB00DD5B56 /* Persistence.swift */,
				326B9BC22BB890DB00DD5B56 /* Cafe.xcdatamodeld */,
				326B9BBD2BB890DB00DD5B56 /* Preview Content */,
			);
			path = Cafe;
			sourceTree = "<group>";
		};
		326B9BBD2BB890DB00DD5B56 /* Preview Content */ = {
			isa = PBXGroup;
			children = (
				326B9BBE2BB890DB00DD5B56 /* Preview Assets.xcassets */,
			);
			path = "Preview Content";
			sourceTree = "<group>";
		};
		326B9BCC2BB890DC00DD5B56 /* CafeTests */ = {
			isa = PBXGroup;
			children = (
				326B9BCD2BB890DC00DD5B56 /* CafeTests.swift */,
			);
			path = CafeTests;
			sourceTree = "<group>";
		};
		326B9BD62BB890DC00DD5B56 /* CafeUITests */ = {
			isa = PBXGroup;
			children = (
				326B9BD72BB890DC00DD5B56 /* CafeUITests.swift */,
				326B9BD92BB890DC00DD5B56 /* CafeUITestsLaunchTests.swift */,
			);
			path = CafeUITests;
			sourceTree = "<group>";
		};
/* End PBXGroup section */

/* Begin PBXNativeTarget section */
		326B9BB32BB890D100DD5B56 /* Cafe */ = {
			isa = PBXNativeTarget;
			buildConfigurationList = 326B9BDD2BB890DC00DD5B56 /* Build configuration list for PBXNativeTarget "Cafe" */;
			buildPhases = (
				326B9BB02BB890D100DD5B56 /* Sources */,
				326B9BB12BB890D100DD5B56 /* Frameworks */,
				326B9BB22BB890D100DD5B56 /* Resources */,
			);
			buildRules = (
			);
			dependencies = (
			);
			name = Cafe;
			productName = Cafe;
			productReference = 326B9BB42BB890D100DD5B56 /* Cafe.app */;
			productType = "com.apple.product-type.application";
		};
		326B9BC82BB890DC00DD5B56 /* CafeTests */ = {
			isa = PBXNativeTarget;
			buildConfigurationList = 326B9BE02BB890DC00DD5B56 /* Build configuration list for PBXNativeTarget "CafeTests" */;
			buildPhases = (
				326B9BC52BB890DC00DD5B56 /* Sources */,
				326B9BC62BB890DC00DD5B56 /* Frameworks */,
				326B9BC72BB890DC00DD5B56 /* Resources */,
			);
			buildRules = (
			);
			dependencies = (
				326B9BCB2BB890DC00DD5B56 /* PBXTargetDependency */,
			);
			name = CafeTests;
			productName = CafeTests;
			productReference = 326B9BC92BB890DC00DD5B56 /* CafeTests.xctest */;
			productType = "com.apple.product-type.bundle.unit-test";
		};
		326B9BD22BB890DC00DD5B56 /* CafeUITests */ = {
			isa = PBXNativeTarget;
			buildConfigurationList = 326B9BE32BB890DC00DD5B56 /* Build configuration list for PBXNativeTarget "CafeUITests" */;
			buildPhases = (
				326B9BCF2BB890DC00DD5B56 /* Sources */,
				326B9BD02BB890DC00DD5B56 /* Frameworks */,
				326B9BD12BB890DC00DD5B56 /* Resources */,
			);
			buildRules = (
			);
			dependencies = (
				326B9BD52BB890DC00DD5B56 /* PBXTargetDependency */,
			);
			name = CafeUITests;
			productName = CafeUITests;
			productReference = 326B9BD32BB890DC00DD5B56 /* CafeUITests.xctest */;
			productType = "com.apple.product-type.bundle.ui-testing";
		};
/* End PBXNativeTarget section */

/* Begin PBXProject section */
		326B9BAC2BB890D100DD5B56 /* Project object */ = {
			isa = PBXProject;
			attributes = {
				BuildIndependentTargetsInParallel = 1;
				LastSwiftUpdateCheck = 1530;
				LastUpgradeCheck = 1530;
				TargetAttributes = {
					326B9BB32BB890D100DD5B56 = {
						CreatedOnToolsVersion = 15.3;
					};
					326B9BC82BB890DC00DD5B56 = {
						CreatedOnToolsVersion = 15.3;
						TestTargetID = 326B9BB32BB890D100DD5B56;
					};
					326B9BD22BB890DC00DD5B56 = {
						CreatedOnToolsVersion = 15.3;
						TestTargetID = 326B9BB32BB890D100DD5B56;
					};
				};
			};
			buildConfigurationList = 326B9BAF2BB890D100DD5B56 /* Build configuration list for PBXProject "Cafe" */;
			compatibilityVersion = "Xcode 14.0";
			developmentRegion = en;
			hasScannedForEncodings = 0;
			knownRegions = (
				en,
				Base,
			);
			mainGroup = 326B9BAB2BB890D100DD5B56;
			productRefGroup = 326B9BB52BB890D100DD5B56 /* Products */;
			projectDirPath = "";
			projectRoot = "";
			targets = (
				326B9BB32BB890D100DD5B56 /* Cafe */,
				326B9BC82BB890DC00DD5B56 /* CafeTests */,
				326B9BD22BB890DC00DD5B56 /* CafeUITests */,
			);
		};
/* End PBXProject section */

/* Begin PBXResourcesBuildPhase section */
		326B9BB22BB890D100DD5B56 /* Resources */ = {
			isa = PBXResourcesBuildPhase;
			buildActionMask = 2147483647;
			files = (
				326B9BBF2BB890DB00DD5B56 /* Preview Assets.xcassets in Resources */,
				325D8B002BBD625E00DB65B1 /* NewsData.json in Resources */,
				325D8B042BBD62D100DB65B1 /* UserData.json in Resources */,
				326B9BBC2BB890DB00DD5B56 /* Color in Resources */,
			);
			runOnlyForDeploymentPostprocessing = 0;
		};
		326B9BC72BB890DC00DD5B56 /* Resources */ = {
			isa = PBXResourcesBuildPhase;
			buildActionMask = 2147483647;
			files = (
				325D8B052BBD62D100DB65B1 /* UserData.json in Resources */,
				325D8B012BBD625E00DB65B1 /* NewsData.json in Resources */,
			);
			runOnlyForDeploymentPostprocessing = 0;
		};
		326B9BD12BB890DC00DD5B56 /* Resources */ = {
			isa = PBXResourcesBuildPhase;
			buildActionMask = 2147483647;
			files = (
				325D8B062BBD62D100DB65B1 /* UserData.json in Resources */,
				325D8B022BBD625E00DB65B1 /* NewsData.json in Resources */,
				325D8AF62BBCA79300DB65B1 /* NewsModel.swift in Resources */,
			);
			runOnlyForDeploymentPostprocessing = 0;
		};
/* End PBXResourcesBuildPhase section */

/* Begin PBXSourcesBuildPhase section */
		326B9BB02BB890D100DD5B56 /* Sources */ = {
			isa = PBXSourcesBuildPhase;
			buildActionMask = 2147483647;
			files = (
				325D8AEE2BBC751D00DB65B1 /* NewsModel.swift in Sources */,
				326B9BC42BB890DB00DD5B56 /* Cafe.xcdatamodeld in Sources */,
				325D8AEB2BBC72EA00DB65B1 /* NewsItem.swift in Sources */,
				326B9BC12BB890DB00DD5B56 /* Persistence.swift in Sources */,
				326B9BBA2BB890D100DD5B56 /* ContentView.swift in Sources */,
				325D8B0C2BBD9FE000DB65B1 /* QRCode.swift in Sources */,
				325D8AF12BBC82E600DB65B1 /* ModelData.swift in Sources */,
				325D8B0A2BBD98B700DB65B1 /* Card.swift in Sources */,
				325D8AE82BBC6E9000DB65B1 /* Cafe.swift in Sources */,
				325D8B082BBD802700DB65B1 /* NewsRead.swift in Sources */,
				325D8AFA2BBCB77F00DB65B1 /* UserModel.swift in Sources */,
				326B9BB82BB890D100DD5B56 /* CafeApp.swift in Sources */,
			);
			runOnlyForDeploymentPostprocessing = 0;
		};
		326B9BC52BB890DC00DD5B56 /* Sources */ = {
			isa = PBXSourcesBuildPhase;
			buildActionMask = 2147483647;
			files = (
				326B9BCE2BB890DC00DD5B56 /* CafeTests.swift in Sources */,
			);
			runOnlyForDeploymentPostprocessing = 0;
		};
		326B9BCF2BB890DC00DD5B56 /* Sources */ = {
			isa = PBXSourcesBuildPhase;
			buildActionMask = 2147483647;
			files = (
				326B9BD82BB890DC00DD5B56 /* CafeUITests.swift in Sources */,
				326B9BDA2BB890DC00DD5B56 /* CafeUITestsLaunchTests.swift in Sources */,
			);
			runOnlyForDeploymentPostprocessing = 0;
		};
/* End PBXSourcesBuildPhase section */

/* Begin PBXTargetDependency section */
		326B9BCB2BB890DC00DD5B56 /* PBXTargetDependency */ = {
			isa = PBXTargetDependency;
			target = 326B9BB32BB890D100DD5B56 /* Cafe */;
			targetProxy = 326B9BCA2BB890DC00DD5B56 /* PBXContainerItemProxy */;
		};
		326B9BD52BB890DC00DD5B56 /* PBXTargetDependency */ = {
			isa = PBXTargetDependency;
			target = 326B9BB32BB890D100DD5B56 /* Cafe */;
			targetProxy = 326B9BD42BB890DC00DD5B56 /* PBXContainerItemProxy */;
		};
/* End PBXTargetDependency section */

/* Begin XCBuildConfiguration section */
		326B9BDB2BB890DC00DD5B56 /* Debug */ = {
			isa = XCBuildConfiguration;
			buildSettings = {
				ALWAYS_SEARCH_USER_PATHS = NO;
				ASSETCATALOG_COMPILER_GENERATE_SWIFT_ASSET_SYMBOL_EXTENSIONS = YES;
				CLANG_ANALYZER_NONNULL = YES;
				CLANG_ANALYZER_NUMBER_OBJECT_CONVERSION = YES_AGGRESSIVE;
				CLANG_CXX_LANGUAGE_STANDARD = "gnu++20";
				CLANG_ENABLE_MODULES = YES;
				CLANG_ENABLE_OBJC_ARC = YES;
				CLANG_ENABLE_OBJC_WEAK = YES;
				CLANG_WARN_BLOCK_CAPTURE_AUTORELEASING = YES;
				CLANG_WARN_BOOL_CONVERSION = YES;
				CLANG_WARN_COMMA = YES;
				CLANG_WARN_CONSTANT_CONVERSION = YES;
				CLANG_WARN_DEPRECATED_OBJC_IMPLEMENTATIONS = YES;
				CLANG_WARN_DIRECT_OBJC_ISA_USAGE = YES_ERROR;
				CLANG_WARN_DOCUMENTATION_COMMENTS = YES;
				CLANG_WARN_EMPTY_BODY = YES;
				CLANG_WARN_ENUM_CONVERSION = YES;
				CLANG_WARN_INFINITE_RECURSION = YES;
				CLANG_WARN_INT_CONVERSION = YES;
				CLANG_WARN_NON_LITERAL_NULL_CONVERSION = YES;
				CLANG_WARN_OBJC_IMPLICIT_RETAIN_SELF = YES;
				CLANG_WARN_OBJC_LITERAL_CONVERSION = YES;
				CLANG_WARN_OBJC_ROOT_CLASS = YES_ERROR;
				CLANG_WARN_QUOTED_INCLUDE_IN_FRAMEWORK_HEADER = YES;
				CLANG_WARN_RANGE_LOOP_ANALYSIS = YES;
				CLANG_WARN_STRICT_PROTOTYPES = YES;
				CLANG_WARN_SUSPICIOUS_MOVE = YES;
				CLANG_WARN_UNGUARDED_AVAILABILITY = YES_AGGRESSIVE;
				CLANG_WARN_UNREACHABLE_CODE = YES;
				CLANG_WARN__DUPLICATE_METHOD_MATCH = YES;
				COPY_PHASE_STRIP = NO;
				DEBUG_INFORMATION_FORMAT = dwarf;
				ENABLE_STRICT_OBJC_MSGSEND = YES;
				ENABLE_TESTABILITY = YES;
				ENABLE_USER_SCRIPT_SANDBOXING = YES;
				GCC_C_LANGUAGE_STANDARD = gnu17;
				GCC_DYNAMIC_NO_PIC = NO;
				GCC_NO_COMMON_BLOCKS = YES;
				GCC_OPTIMIZATION_LEVEL = 0;
				GCC_PREPROCESSOR_DEFINITIONS = (
					"DEBUG=1",
					"$(inherited)",
				);
				GCC_WARN_64_TO_32_BIT_CONVERSION = YES;
				GCC_WARN_ABOUT_RETURN_TYPE = YES_ERROR;
				GCC_WARN_UNDECLARED_SELECTOR = YES;
				GCC_WARN_UNINITIALIZED_AUTOS = YES_AGGRESSIVE;
				GCC_WARN_UNUSED_FUNCTION = YES;
				GCC_WARN_UNUSED_VARIABLE = YES;
				IPHONEOS_DEPLOYMENT_TARGET = 17.4;
				LOCALIZATION_PREFERS_STRING_CATALOGS = YES;
				MTL_ENABLE_DEBUG_INFO = INCLUDE_SOURCE;
				MTL_FAST_MATH = YES;
				ONLY_ACTIVE_ARCH = YES;
				SDKROOT = iphoneos;
				SWIFT_ACTIVE_COMPILATION_CONDITIONS = "DEBUG $(inherited)";
				SWIFT_OPTIMIZATION_LEVEL = "-Onone";
			};
			name = Debug;
		};
		326B9BDC2BB890DC00DD5B56 /* Release */ = {
			isa = XCBuildConfiguration;
			buildSettings = {
				ALWAYS_SEARCH_USER_PATHS = NO;
				ASSETCATALOG_COMPILER_GENERATE_SWIFT_ASSET_SYMBOL_EXTENSIONS = YES;
				CLANG_ANALYZER_NONNULL = YES;
				CLANG_ANALYZER_NUMBER_OBJECT_CONVERSION = YES_AGGRESSIVE;
				CLANG_CXX_LANGUAGE_STANDARD = "gnu++20";
				CLANG_ENABLE_MODULES = YES;
				CLANG_ENABLE_OBJC_ARC = YES;
				CLANG_ENABLE_OBJC_WEAK = YES;
				CLANG_WARN_BLOCK_CAPTURE_AUTORELEASING = YES;
				CLANG_WARN_BOOL_CONVERSION = YES;
				CLANG_WARN_COMMA = YES;
				CLANG_WARN_CONSTANT_CONVERSION = YES;
				CLANG_WARN_DEPRECATED_OBJC_IMPLEMENTATIONS = YES;
				CLANG_WARN_DIRECT_OBJC_ISA_USAGE = YES_ERROR;
				CLANG_WARN_DOCUMENTATION_COMMENTS = YES;
				CLANG_WARN_EMPTY_BODY = YES;
				CLANG_WARN_ENUM_CONVERSION = YES;
				CLANG_WARN_INFINITE_RECURSION = YES;
				CLANG_WARN_INT_CONVERSION = YES;
				CLANG_WARN_NON_LITERAL_NULL_CONVERSION = YES;
				CLANG_WARN_OBJC_IMPLICIT_RETAIN_SELF = YES;
				CLANG_WARN_OBJC_LITERAL_CONVERSION = YES;
				CLANG_WARN_OBJC_ROOT_CLASS = YES_ERROR;
				CLANG_WARN_QUOTED_INCLUDE_IN_FRAMEWORK_HEADER = YES;
				CLANG_WARN_RANGE_LOOP_ANALYSIS = YES;
				CLANG_WARN_STRICT_PROTOTYPES = YES;
				CLANG_WARN_SUSPICIOUS_MOVE = YES;
				CLANG_WARN_UNGUARDED_AVAILABILITY = YES_AGGRESSIVE;
				CLANG_WARN_UNREACHABLE_CODE = YES;
				CLANG_WARN__DUPLICATE_METHOD_MATCH = YES;
				COPY_PHASE_STRIP = NO;
				DEBUG_INFORMATION_FORMAT = "dwarf-with-dsym";
				ENABLE_NS_ASSERTIONS = NO;
				ENABLE_STRICT_OBJC_MSGSEND = YES;
				ENABLE_USER_SCRIPT_SANDBOXING = YES;
				GCC_C_LANGUAGE_STANDARD = gnu17;
				GCC_NO_COMMON_BLOCKS = YES;
				GCC_WARN_64_TO_32_BIT_CONVERSION = YES;
				GCC_WARN_ABOUT_RETURN_TYPE = YES_ERROR;
				GCC_WARN_UNDECLARED_SELECTOR = YES;
				GCC_WARN_UNINITIALIZED_AUTOS = YES_AGGRESSIVE;
				GCC_WARN_UNUSED_FUNCTION = YES;
				GCC_WARN_UNUSED_VARIABLE = YES;
				IPHONEOS_DEPLOYMENT_TARGET = 17.4;
				LOCALIZATION_PREFERS_STRING_CATALOGS = YES;
				MTL_ENABLE_DEBUG_INFO = NO;
				MTL_FAST_MATH = YES;
				SDKROOT = iphoneos;
				SWIFT_COMPILATION_MODE = wholemodule;
				VALIDATE_PRODUCT = YES;
			};
			name = Release;
		};
		326B9BDE2BB890DC00DD5B56 /* Debug */ = {
			isa = XCBuildConfiguration;
			buildSettings = {
				ASSETCATALOG_COMPILER_APPICON_NAME = AppIcon;
				ASSETCATALOG_COMPILER_GLOBAL_ACCENT_COLOR_NAME = AccentColor;
				CODE_SIGN_STYLE = Automatic;
				CURRENT_PROJECT_VERSION = 1;
				DEVELOPMENT_ASSET_PATHS = "\"Cafe/Preview Content\"";
				ENABLE_PREVIEWS = YES;
				GENERATE_INFOPLIST_FILE = YES;
				INFOPLIST_KEY_UIApplicationSceneManifest_Generation = YES;
				INFOPLIST_KEY_UIApplicationSupportsIndirectInputEvents = YES;
				INFOPLIST_KEY_UILaunchScreen_Generation = YES;
				INFOPLIST_KEY_UISupportedInterfaceOrientations_iPad = "UIInterfaceOrientationPortrait UIInterfaceOrientationPortraitUpsideDown UIInterfaceOrientationLandscapeLeft UIInterfaceOrientationLandscapeRight";
				INFOPLIST_KEY_UISupportedInterfaceOrientations_iPhone = "UIInterfaceOrientationPortrait UIInterfaceOrientationLandscapeLeft UIInterfaceOrientationLandscapeRight";
				LD_RUNPATH_SEARCH_PATHS = (
					"$(inherited)",
					"@executable_path/Frameworks",
				);
				MARKETING_VERSION = 1.0;
				PRODUCT_BUNDLE_IDENTIFIER = hannakovbasiuk.Cafe;
				PRODUCT_NAME = "$(TARGET_NAME)";
				SWIFT_EMIT_LOC_STRINGS = YES;
				SWIFT_VERSION = 5.0;
				TARGETED_DEVICE_FAMILY = "1,2";
			};
			name = Debug;
		};
		326B9BDF2BB890DC00DD5B56 /* Release */ = {
			isa = XCBuildConfiguration;
			buildSettings = {
				ASSETCATALOG_COMPILER_APPICON_NAME = AppIcon;
				ASSETCATALOG_COMPILER_GLOBAL_ACCENT_COLOR_NAME = AccentColor;
				CODE_SIGN_STYLE = Automatic;
				CURRENT_PROJECT_VERSION = 1;
				DEVELOPMENT_ASSET_PATHS = "\"Cafe/Preview Content\"";
				ENABLE_PREVIEWS = YES;
				GENERATE_INFOPLIST_FILE = YES;
				INFOPLIST_KEY_UIApplicationSceneManifest_Generation = YES;
				INFOPLIST_KEY_UIApplicationSupportsIndirectInputEvents = YES;
				INFOPLIST_KEY_UILaunchScreen_Generation = YES;
				INFOPLIST_KEY_UISupportedInterfaceOrientations_iPad = "UIInterfaceOrientationPortrait UIInterfaceOrientationPortraitUpsideDown UIInterfaceOrientationLandscapeLeft UIInterfaceOrientationLandscapeRight";
				INFOPLIST_KEY_UISupportedInterfaceOrientations_iPhone = "UIInterfaceOrientationPortrait UIInterfaceOrientationLandscapeLeft UIInterfaceOrientationLandscapeRight";
				LD_RUNPATH_SEARCH_PATHS = (
					"$(inherited)",
					"@executable_path/Frameworks",
				);
				MARKETING_VERSION = 1.0;
				PRODUCT_BUNDLE_IDENTIFIER = hannakovbasiuk.Cafe;
				PRODUCT_NAME = "$(TARGET_NAME)";
				SWIFT_EMIT_LOC_STRINGS = YES;
				SWIFT_VERSION = 5.0;
				TARGETED_DEVICE_FAMILY = "1,2";
			};
			name = Release;
		};
		326B9BE12BB890DC00DD5B56 /* Debug */ = {
			isa = XCBuildConfiguration;
			buildSettings = {
				ALWAYS_EMBED_SWIFT_STANDARD_LIBRARIES = YES;
				BUNDLE_LOADER = "$(TEST_HOST)";
				CODE_SIGN_STYLE = Automatic;
				CURRENT_PROJECT_VERSION = 1;
				GENERATE_INFOPLIST_FILE = YES;
				IPHONEOS_DEPLOYMENT_TARGET = 17.4;
				MARKETING_VERSION = 1.0;
				PRODUCT_BUNDLE_IDENTIFIER = hannakovbasiuk.CafeTests;
				PRODUCT_NAME = "$(TARGET_NAME)";
				SWIFT_EMIT_LOC_STRINGS = NO;
				SWIFT_VERSION = 5.0;
				TARGETED_DEVICE_FAMILY = "1,2";
				TEST_HOST = "$(BUILT_PRODUCTS_DIR)/Cafe.app/$(BUNDLE_EXECUTABLE_FOLDER_PATH)/Cafe";
			};
			name = Debug;
		};
		326B9BE22BB890DC00DD5B56 /* Release */ = {
			isa = XCBuildConfiguration;
			buildSettings = {
				ALWAYS_EMBED_SWIFT_STANDARD_LIBRARIES = YES;
				BUNDLE_LOADER = "$(TEST_HOST)";
				CODE_SIGN_STYLE = Automatic;
				CURRENT_PROJECT_VERSION = 1;
				GENERATE_INFOPLIST_FILE = YES;
				IPHONEOS_DEPLOYMENT_TARGET = 17.4;
				MARKETING_VERSION = 1.0;
				PRODUCT_BUNDLE_IDENTIFIER = hannakovbasiuk.CafeTests;
				PRODUCT_NAME = "$(TARGET_NAME)";
				SWIFT_EMIT_LOC_STRINGS = NO;
				SWIFT_VERSION = 5.0;
				TARGETED_DEVICE_FAMILY = "1,2";
				TEST_HOST = "$(BUILT_PRODUCTS_DIR)/Cafe.app/$(BUNDLE_EXECUTABLE_FOLDER_PATH)/Cafe";
			};
			name = Release;
		};
		326B9BE42BB890DC00DD5B56 /* Debug */ = {
			isa = XCBuildConfiguration;
			buildSettings = {
				ALWAYS_EMBED_SWIFT_STANDARD_LIBRARIES = YES;
				CODE_SIGN_STYLE = Automatic;
				CURRENT_PROJECT_VERSION = 1;
				GENERATE_INFOPLIST_FILE = YES;
				MARKETING_VERSION = 1.0;
				PRODUCT_BUNDLE_IDENTIFIER = hannakovbasiuk.CafeUITests;
				PRODUCT_NAME = "$(TARGET_NAME)";
				SWIFT_EMIT_LOC_STRINGS = NO;
				SWIFT_VERSION = 5.0;
				TARGETED_DEVICE_FAMILY = "1,2";
				TEST_TARGET_NAME = Cafe;
			};
			name = Debug;
		};
		326B9BE52BB890DC00DD5B56 /* Release */ = {
			isa = XCBuildConfiguration;
			buildSettings = {
				ALWAYS_EMBED_SWIFT_STANDARD_LIBRARIES = YES;
				CODE_SIGN_STYLE = Automatic;
				CURRENT_PROJECT_VERSION = 1;
				GENERATE_INFOPLIST_FILE = YES;
				MARKETING_VERSION = 1.0;
				PRODUCT_BUNDLE_IDENTIFIER = hannakovbasiuk.CafeUITests;
				PRODUCT_NAME = "$(TARGET_NAME)";
				SWIFT_EMIT_LOC_STRINGS = NO;
				SWIFT_VERSION = 5.0;
				TARGETED_DEVICE_FAMILY = "1,2";
				TEST_TARGET_NAME = Cafe;
			};
			name = Release;
		};
/* End XCBuildConfiguration section */

/* Begin XCConfigurationList section */
		326B9BAF2BB890D100DD5B56 /* Build configuration list for PBXProject "Cafe" */ = {
			isa = XCConfigurationList;
			buildConfigurations = (
				326B9BDB2BB890DC00DD5B56 /* Debug */,
				326B9BDC2BB890DC00DD5B56 /* Release */,
			);
			defaultConfigurationIsVisible = 0;
			defaultConfigurationName = Release;
		};
		326B9BDD2BB890DC00DD5B56 /* Build configuration list for PBXNativeTarget "Cafe" */ = {
			isa = XCConfigurationList;
			buildConfigurations = (
				326B9BDE2BB890DC00DD5B56 /* Debug */,
				326B9BDF2BB890DC00DD5B56 /* Release */,
			);
			defaultConfigurationIsVisible = 0;
			defaultConfigurationName = Release;
		};
		326B9BE02BB890DC00DD5B56 /* Build configuration list for PBXNativeTarget "CafeTests" */ = {
			isa = XCConfigurationList;
			buildConfigurations = (
				326B9BE12BB890DC00DD5B56 /* Debug */,
				326B9BE22BB890DC00DD5B56 /* Release */,
			);
			defaultConfigurationIsVisible = 0;
			defaultConfigurationName = Release;
		};
		326B9BE32BB890DC00DD5B56 /* Build configuration list for PBXNativeTarget "CafeUITests" */ = {
			isa = XCConfigurationList;
			buildConfigurations = (
				326B9BE42BB890DC00DD5B56 /* Debug */,
				326B9BE52BB890DC00DD5B56 /* Release */,
			);
			defaultConfigurationIsVisible = 0;
			defaultConfigurationName = Release;
		};
/* End XCConfigurationList section */

/* Begin XCVersionGroup section */
		326B9BC22BB890DB00DD5B56 /* Cafe.xcdatamodeld */ = {
			isa = XCVersionGroup;
			children = (
				326B9BC32BB890DB00DD5B56 /* Cafe.xcdatamodel */,
			);
			currentVersion = 326B9BC32BB890DB00DD5B56 /* Cafe.xcdatamodel */;
			path = Cafe.xcdatamodeld;
			sourceTree = "<group>";
			versionGroupType = wrapper.xcdatamodel;
		};
/* End XCVersionGroup section */
	};
	rootObject = 326B9BAC2BB890D100DD5B56 /* Project object */;
}
